
Microsoft Visual Studio Solution File, Format Version 12.00
# Visual Studio Version 17
VisualStudioVersion = 17.1.32328.378
MinimumVisualStudioVersion = 10.0.40219.1
Project("{FAE04EC0-301F-11D3-BF4B-00C04F79EFBC}") = "NZWalks.API", "NZWalks.API\NZWalks.API.csproj", "{702545D7-1D47-4CF6-8A4B-EA1FA7C5142A}"
EndProject
Global
	GlobalSection(SolutionConfigurationPlatforms) = preSolution
		Debug|Any CPU = Debug|Any CPU
		Release|Any CPU = Release|Any CPU
	EndGlobalSection
	GlobalSection(ProjectConfigurationPlatforms) = postSolution
		{702545D7-1D47-4CF6-8A4B-EA1FA7C5142A}.Debug|Any CPU.ActiveCfg = Debug|Any CPU
		{702545D7-1D47-4CF6-8A4B-EA1FA7C5142A}.Debug|Any CPU.Build.0 = Debug|Any CPU
		{702545D7-1D47-4CF6-8A4B-EA1FA7C5142A}.Release|Any CPU.ActiveCfg = Release|Any CPU
		{702545D7-1D47-4CF6-8A4B-EA1FA7C5142A}.Release|Any CPU.Build.0 = Release|Any CPU
	EndGlobalSection
	GlobalSection(SolutionProperties) = preSolution
		HideSolutionNode = FALSE
	EndGlobalSection
	GlobalSection(ExtensibilityGlobals) = postSolution
		SolutionGuid = {34E009A0-0E2F-408F-B47B-7B376F363E77}
	EndGlobalSection
EndGlobal
